
Microsoft Visual Studio Solution File, Format Version 12.00
# Visual Studio Version 16
VisualStudioVersion = 16.0.31105.61
MinimumVisualStudioVersion = 10.0.40219.1
Project("{FAE04EC0-301F-11D3-BF4B-00C04F79EFBC}") = "G9E4", "G9E4\G9E4.csproj", "{C559C9F2-DBE7-4F6D-8788-C7E67EE796EC}"
EndProject
Global
	GlobalSection(SolutionConfigurationPlatforms) = preSolution
		Debug|Any CPU = Debug|Any CPU
		Release|Any CPU = Release|Any CPU
	EndGlobalSection
	GlobalSection(ProjectConfigurationPlatforms) = postSolution
		{C559C9F2-DBE7-4F6D-8788-C7E67EE796EC}.Debug|Any CPU.ActiveCfg = Debug|Any CPU
		{C559C9F2-DBE7-4F6D-8788-C7E67EE796EC}.Debug|Any CPU.Build.0 = Debug|Any CPU
		{C559C9F2-DBE7-4F6D-8788-C7E67EE796EC}.Release|Any CPU.ActiveCfg = Release|Any CPU
		{C559C9F2-DBE7-4F6D-8788-C7E67EE796EC}.Release|Any CPU.Build.0 = Release|Any CPU
	EndGlobalSection
	GlobalSection(SolutionProperties) = preSolution
		HideSolutionNode = FALSE
	EndGlobalSection
	GlobalSection(ExtensibilityGlobals) = postSolution
		SolutionGuid = {70DF0083-F981-4748-A709-017ECDB39E25}
	EndGlobalSection
EndGlobal
